// !$*UTF8*$!
{
	archiveVersion = 1;
	classes = {
	};
	objectVersion = 46;
	objects = {

/* Begin PBXBuildFile section */
		7578E9251DA1AE0400760A0F /* TappingGameViewController.swift in Sources */ = {isa = PBXBuildFile; fileRef = 7578E9241DA1AE0400760A0F /* TappingGameViewController.swift */; };
		75F638001D9A35F7002E5357 /* AppDelegate.swift in Sources */ = {isa = PBXBuildFile; fileRef = 75F637FF1D9A35F7002E5357 /* AppDelegate.swift */; };
		75F638021D9A35F7002E5357 /* ViewController.swift in Sources */ = {isa = PBXBuildFile; fileRef = 75F638011D9A35F7002E5357 /* ViewController.swift */; };
		75F638051D9A35F8002E5357 /* Main.storyboard in Resources */ = {isa = PBXBuildFile; fileRef = 75F638031D9A35F8002E5357 /* Main.storyboard */; };
		75F638071D9A35F8002E5357 /* Assets.xcassets in Resources */ = {isa = PBXBuildFile; fileRef = 75F638061D9A35F8002E5357 /* Assets.xcassets */; };
		75F6380A1D9A35F8002E5357 /* LaunchScreen.storyboard in Resources */ = {isa = PBXBuildFile; fileRef = 75F638081D9A35F8002E5357 /* LaunchScreen.storyboard */; };
		75F638121D9C828E002E5357 /* UserDetailViewController.swift in Sources */ = {isa = PBXBuildFile; fileRef = 75F638111D9C828E002E5357 /* UserDetailViewController.swift */; };
		75F638141D9C9056002E5357 /* AppAppUser.swift in Sources */ = {isa = PBXBuildFile; fileRef = 75F638131D9C9056002E5357 /* AppAppUser.swift */; };
		75F638181D9CA752002E5357 /* AppAppUserList.swift in Sources */ = {isa = PBXBuildFile; fileRef = 75F638171D9CA752002E5357 /* AppAppUserList.swift */; };
/* End PBXBuildFile section */

/* Begin PBXFileReference section */
		7578E9241DA1AE0400760A0F /* TappingGameViewController.swift */ = {isa = PBXFileReference; fileEncoding = 4; lastKnownFileType = sourcecode.swift; path = TappingGameViewController.swift; sourceTree = "<group>"; };
		75F637FC1D9A35F7002E5357 /* AppApp.app */ = {isa = PBXFileReference; explicitFileType = wrapper.application; includeInIndex = 0; path = AppApp.app; sourceTree = BUILT_PRODUCTS_DIR; };
		75F637FF1D9A35F7002E5357 /* AppDelegate.swift */ = {isa = PBXFileReference; lastKnownFileType = sourcecode.swift; path = AppDelegate.swift; sourceTree = "<group>"; };
		75F638011D9A35F7002E5357 /* ViewController.swift */ = {isa = PBXFileReference; lastKnownFileType = sourcecode.swift; path = ViewController.swift; sourceTree = "<group>"; };
		75F638041D9A35F8002E5357 /* Base */ = {isa = PBXFileReference; lastKnownFileType = file.storyboard; name = Base; path = Base.lproj/Main.storyboard; sourceTree = "<group>"; };
		75F638061D9A35F8002E5357 /* Assets.xcassets */ = {isa = PBXFileReference; lastKnownFileType = folder.assetcatalog; path = Assets.xcassets; sourceTree = "<group>"; };
		75F638091D9A35F8002E5357 /* Base */ = {isa = PBXFileReference; lastKnownFileType = file.storyboard; name = Base; path = Base.lproj/LaunchScreen.storyboard; sourceTree = "<group>"; };
		75F6380B1D9A35F8002E5357 /* Info.plist */ = {isa = PBXFileReference; lastKnownFileType = text.plist.xml; path = Info.plist; sourceTree = "<group>"; };
		75F638111D9C828E002E5357 /* UserDetailViewController.swift */ = {isa = PBXFileReference; fileEncoding = 4; lastKnownFileType = sourcecode.swift; path = UserDetailViewController.swift; sourceTree = "<group>"; };
		75F638131D9C9056002E5357 /* AppAppUser.swift */ = {isa = PBXFileReference; fileEncoding = 4; lastKnownFileType = sourcecode.swift; path = AppAppUser.swift; sourceTree = "<group>"; };
		75F638171D9CA752002E5357 /* AppAppUserList.swift */ = {isa = PBXFileReference; fileEncoding = 4; lastKnownFileType = sourcecode.swift; path = AppAppUserList.swift; sourceTree = "<group>"; };
/* End PBXFileReference section */

/* Begin PBXFrameworksBuildPhase section */
		75F637F91D9A35F7002E5357 /* Frameworks */ = {
			isa = PBXFrameworksBuildPhase;
			buildActionMask = 2147483647;
			files = (
			);
			runOnlyForDeploymentPostprocessing = 0;
		};
/* End PBXFrameworksBuildPhase section */

/* Begin PBXGroup section */
		75F637F31D9A35F6002E5357 = {
			isa = PBXGroup;
			children = (
				75F637FE1D9A35F7002E5357 /* AppApp */,
				75F637FD1D9A35F7002E5357 /* Products */,
			);
			sourceTree = "<group>";
		};
		75F637FD1D9A35F7002E5357 /* Products */ = {
			isa = PBXGroup;
			children = (
				75F637FC1D9A35F7002E5357 /* AppApp.app */,
			);
			name = Products;
			sourceTree = "<group>";
		};
		75F637FE1D9A35F7002E5357 /* AppApp */ = {
			isa = PBXGroup;
			children = (
				75F638171D9CA752002E5357 /* AppAppUserList.swift */,
				75F638131D9C9056002E5357 /* AppAppUser.swift */,
				75F637FF1D9A35F7002E5357 /* AppDelegate.swift */,
				75F638011D9A35F7002E5357 /* ViewController.swift */,
				75F638111D9C828E002E5357 /* UserDetailViewController.swift */,
				7578E9241DA1AE0400760A0F /* TappingGameViewController.swift */,
				75F638031D9A35F8002E5357 /* Main.storyboard */,
				75F638061D9A35F8002E5357 /* Assets.xcassets */,
				75F638081D9A35F8002E5357 /* LaunchScreen.storyboard */,
				75F6380B1D9A35F8002E5357 /* Info.plist */,
			);
			path = AppApp;
			sourceTree = "<group>";
		};
/* End PBXGroup section */

/* Begin PBXNativeTarget section */
		75F637FB1D9A35F7002E5357 /* AppApp */ = {
			isa = PBXNativeTarget;
			buildConfigurationList = 75F6380E1D9A35F8002E5357 /* Build configuration list for PBXNativeTarget "AppApp" */;
			buildPhases = (
				75F637F81D9A35F7002E5357 /* Sources */,
				75F637F91D9A35F7002E5357 /* Frameworks */,
				75F637FA1D9A35F7002E5357 /* Resources */,
			);
			buildRules = (
			);
			dependencies = (
			);
			name = AppApp;
			productName = AppApp;
			productReference = 75F637FC1D9A35F7002E5357 /* AppApp.app */;
			productType = "com.apple.product-type.application";
		};
/* End PBXNativeTarget section */

/* Begin PBXProject section */
		75F637F41D9A35F6002E5357 /* Project object */ = {
			isa = PBXProject;
			attributes = {
				LastSwiftUpdateCheck = 0800;
				LastUpgradeCheck = 0800;
				ORGANIZATIONNAME = "Andrew Goettler";
				TargetAttributes = {
					75F637FB1D9A35F7002E5357 = {
						CreatedOnToolsVersion = 8.0;
						DevelopmentTeam = 692JBUL5VH;
						ProvisioningStyle = Automatic;
					};
				};
			};
			buildConfigurationList = 75F637F71D9A35F6002E5357 /* Build configuration list for PBXProject "AppApp" */;
			compatibilityVersion = "Xcode 3.2";
			developmentRegion = English;
			hasScannedForEncodings = 0;
			knownRegions = (
				en,
				Base,
			);
			mainGroup = 75F637F31D9A35F6002E5357;
			productRefGroup = 75F637FD1D9A35F7002E5357 /* Products */;
			projectDirPath = "";
			projectRoot = "";
			targets = (
				75F637FB1D9A35F7002E5357 /* AppApp */,
			);
		};
/* End PBXProject section */

/* Begin PBXResourcesBuildPhase section */
		75F637FA1D9A35F7002E5357 /* Resources */ = {
			isa = PBXResourcesBuildPhase;
			buildActionMask = 2147483647;
			files = (
				75F6380A1D9A35F8002E5357 /* LaunchScreen.storyboard in Resources */,
				75F638071D9A35F8002E5357 /* Assets.xcassets in Resources */,
				75F638051D9A35F8002E5357 /* Main.storyboard in Resources */,
			);
			runOnlyForDeploymentPostprocessing = 0;
		};
/* End PBXResourcesBuildPhase section */

/* Begin PBXSourcesBuildPhase section */
		75F637F81D9A35F7002E5357 /* Sources */ = {
			isa = PBXSourcesBuildPhase;
			buildActionMask = 2147483647;
			files = (
				75F638141D9C9056002E5357 /* AppAppUser.swift in Sources */,
				75F638181D9CA752002E5357 /* AppAppUserList.swift in Sources */,
				75F638021D9A35F7002E5357 /* ViewController.swift in Sources */,
				75F638001D9A35F7002E5357 /* AppDelegate.swift in Sources */,
				7578E9251DA1AE0400760A0F /* TappingGameViewController.swift in Sources */,
				75F638121D9C828E002E5357 /* UserDetailViewController.swift in Sources */,
			);
			runOnlyForDeploymentPostprocessing = 0;
		};
/* End PBXSourcesBuildPhase section */

/* Begin PBXVariantGroup section */
		75F638031D9A35F8002E5357 /* Main.storyboard */ = {
			isa = PBXVariantGroup;
			children = (
				75F638041D9A35F8002E5357 /* Base */,
			);
			name = Main.storyboard;
			sourceTree = "<group>";
		};
		75F638081D9A35F8002E5357 /* LaunchScreen.storyboard */ = {
			isa = PBXVariantGroup;
			children = (
				75F638091D9A35F8002E5357 /* Base */,
			);
			name = LaunchScreen.storyboard;
			sourceTree = "<group>";
		};
/* End PBXVariantGroup section */

/* Begin XCBuildConfiguration section */
		75F6380C1D9A35F8002E5357 /* Debug */ = {
			isa = XCBuildConfiguration;
			buildSettings = {
				ALWAYS_SEARCH_USER_PATHS = NO;
				CLANG_ANALYZER_NONNULL = YES;
				CLANG_CXX_LANGUAGE_STANDARD = "gnu++0x";
				CLANG_CXX_LIBRARY = "libc++";
				CLANG_ENABLE_MODULES = YES;
				CLANG_ENABLE_OBJC_ARC = YES;
				CLANG_WARN_BOOL_CONVERSION = YES;
				CLANG_WARN_CONSTANT_CONVERSION = YES;
				CLANG_WARN_DIRECT_OBJC_ISA_USAGE = YES_ERROR;
				CLANG_WARN_DOCUMENTATION_COMMENTS = YES;
				CLANG_WARN_EMPTY_BODY = YES;
				CLANG_WARN_ENUM_CONVERSION = YES;
				CLANG_WARN_INFINITE_RECURSION = YES;
				CLANG_WARN_INT_CONVERSION = YES;
				CLANG_WARN_OBJC_ROOT_CLASS = YES_ERROR;
				CLANG_WARN_SUSPICIOUS_MOVES = YES;
				CLANG_WARN_UNREACHABLE_CODE = YES;
				CLANG_WARN__DUPLICATE_METHOD_MATCH = YES;
				"CODE_SIGN_IDENTITY[sdk=iphoneos*]" = "iPhone Developer";
				COPY_PHASE_STRIP = NO;
				DEBUG_INFORMATION_FORMAT = dwarf;
				ENABLE_STRICT_OBJC_MSGSEND = YES;
				ENABLE_TESTABILITY = YES;
				GCC_C_LANGUAGE_STANDARD = gnu99;
				GCC_DYNAMIC_NO_PIC = NO;
				GCC_NO_COMMON_BLOCKS = YES;
				GCC_OPTIMIZATION_LEVEL = 0;
				GCC_PREPROCESSOR_DEFINITIONS = (
					"DEBUG=1",
					"$(inherited)",
				);
				GCC_WARN_64_TO_32_BIT_CONVERSION = YES;
				GCC_WARN_ABOUT_RETURN_TYPE = YES_ERROR;
				GCC_WARN_UNDECLARED_SELECTOR = YES;
				GCC_WARN_UNINITIALIZED_AUTOS = YES_AGGRESSIVE;
				GCC_WARN_UNUSED_FUNCTION = YES;
				GCC_WARN_UNUSED_VARIABLE = YES;
				IPHONEOS_DEPLOYMENT_TARGET = 10.0;
				MTL_ENABLE_DEBUG_INFO = YES;
				ONLY_ACTIVE_ARCH = YES;
				SDKROOT = iphoneos;
				SWIFT_ACTIVE_COMPILATION_CONDITIONS = DEBUG;
				SWIFT_OPTIMIZATION_LEVEL = "-Onone";
			};
			name = Debug;
		};
		75F6380D1D9A35F8002E5357 /* Release */ = {
			isa = XCBuildConfiguration;
			buildSettings = {
				ALWAYS_SEARCH_USER_PATHS = NO;
				CLANG_ANALYZER_NONNULL = YES;
				CLANG_CXX_LANGUAGE_STANDARD = "gnu++0x";
				CLANG_CXX_LIBRARY = "libc++";
				CLANG_ENABLE_MODULES = YES;
				CLANG_ENABLE_OBJC_ARC = YES;
				CLANG_WARN_BOOL_CONVERSION = YES;
				CLANG_WARN_CONSTANT_CONVERSION = YES;
				CLANG_WARN_DIRECT_OBJC_ISA_USAGE = YES_ERROR;
				CLANG_WARN_DOCUMENTATION_COMMENTS = YES;
				CLANG_WARN_EMPTY_BODY = YES;
				CLANG_WARN_ENUM_CONVERSION = YES;
				CLANG_WARN_INFINITE_RECURSION = YES;
				CLANG_WARN_INT_CONVERSION = YES;
				CLANG_WARN_OBJC_ROOT_CLASS = YES_ERROR;
				CLANG_WARN_SUSPICIOUS_MOVES = YES;
				CLANG_WARN_UNREACHABLE_CODE = YES;
				CLANG_WARN__DUPLICATE_METHOD_MATCH = YES;
				"CODE_SIGN_IDENTITY[sdk=iphoneos*]" = "iPhone Developer";
				COPY_PHASE_STRIP = NO;
				DEBUG_INFORMATION_FORMAT = "dwarf-with-dsym";
				ENABLE_NS_ASSERTIONS = NO;
				ENABLE_STRICT_OBJC_MSGSEND = YES;
				GCC_C_LANGUAGE_STANDARD = gnu99;
				GCC_NO_COMMON_BLOCKS = YES;
				GCC_WARN_64_TO_32_BIT_CONVERSION = YES;
				GCC_WARN_ABOUT_RETURN_TYPE = YES_ERROR;
				GCC_WARN_UNDECLARED_SELECTOR = YES;
				GCC_WARN_UNINITIALIZED_AUTOS = YES_AGGRESSIVE;
				GCC_WARN_UNUSED_FUNCTION = YES;
				GCC_WARN_UNUSED_VARIABLE = YES;
				IPHONEOS_DEPLOYMENT_TARGET = 10.0;
				MTL_ENABLE_DEBUG_INFO = NO;
				SDKROOT = iphoneos;
				SWIFT_OPTIMIZATION_LEVEL = "-Owholemodule";
				VALIDATE_PRODUCT = YES;
			};
			name = Release;
		};
		75F6380F1D9A35F8002E5357 /* Debug */ = {
			isa = XCBuildConfiguration;
			buildSettings = {
				ASSETCATALOG_COMPILER_APPICON_NAME = AppIcon;
				DEVELOPMENT_TEAM = 692JBUL5VH;
				INFOPLIST_FILE = AppApp/Info.plist;
				LD_RUNPATH_SEARCH_PATHS = "$(inherited) @executable_path/Frameworks";
				PRODUCT_BUNDLE_IDENTIFIER = andrewgoettler.AppApp;
				PRODUCT_NAME = "$(TARGET_NAME)";
				SWIFT_VERSION = 3.0;
			};
			name = Debug;
		};
		75F638101D9A35F8002E5357 /* Release */ = {
			isa = XCBuildConfiguration;
			buildSettings = {
				ASSETCATALOG_COMPILER_APPICON_NAME = AppIcon;
				DEVELOPMENT_TEAM = 692JBUL5VH;
				INFOPLIST_FILE = AppApp/Info.plist;
				LD_RUNPATH_SEARCH_PATHS = "$(inherited) @executable_path/Frameworks";
				PRODUCT_BUNDLE_IDENTIFIER = andrewgoettler.AppApp;
				PRODUCT_NAME = "$(TARGET_NAME)";
				SWIFT_VERSION = 3.0;
			};
			name = Release;
		};
/* End XCBuildConfiguration section */

/* Begin XCConfigurationList section */
		75F637F71D9A35F6002E5357 /* Build configuration list for PBXProject "AppApp" */ = {
			isa = XCConfigurationList;
			buildConfigurations = (
				75F6380C1D9A35F8002E5357 /* Debug */,
				75F6380D1D9A35F8002E5357 /* Release */,
			);
			defaultConfigurationIsVisible = 0;
			defaultConfigurationName = Release;
		};
		75F6380E1D9A35F8002E5357 /* Build configuration list for PBXNativeTarget "AppApp" */ = {
			isa = XCConfigurationList;
			buildConfigurations = (
				75F6380F1D9A35F8002E5357 /* Debug */,
				75F638101D9A35F8002E5357 /* Release */,
			);
			defaultConfigurationIsVisible = 0;
			defaultConfigurationName = Release;
		};
/* End XCConfigurationList section */
	};
	rootObject = 75F637F41D9A35F6002E5357 /* Project object */;
}
